{
  "version": 4,
  "terraform_version": "1.6.3",
  "serial": 32,
  "lineage": "11c957c9-fd1c-6ccc-a8fa-cc3cde1c705f",
  "outputs": {},
  "resources": [
    {
      "mode": "managed",
      "type": "github_repository",
      "name": "second_repo",
      "provider": "provider[\"registry.terraform.io/hashicorp/github\"]",
      "instances": [
        {
          "schema_version": 1,
          "attributes": {
            "allow_auto_merge": false,
            "allow_merge_commit": true,
            "allow_rebase_merge": true,
            "allow_squash_merge": true,
            "allow_update_branch": false,
            "archive_on_destroy": null,
            "archived": false,
            "auto_init": true,
            "default_branch": "main",
            "delete_branch_on_merge": false,
            "description": "second github repo created using terraform",
            "etag": "W/\"5332eed938b2696666c368ea1279e231174cc726bdf7be42664128f355073f8e\"",
            "full_name": "Akshay771/second-repo-using-terraform",
            "git_clone_url": "git://github.com/Akshay771/second-repo-using-terraform.git",
            "gitignore_template": null,
            "has_discussions": false,
            "has_downloads": false,
            "has_issues": false,
            "has_projects": false,
            "has_wiki": false,
            "homepage_url": "",
            "html_url": "https://github.com/Akshay771/second-repo-using-terraform",
            "http_clone_url": "https://github.com/Akshay771/second-repo-using-terraform.git",
            "id": "second-repo-using-terraform",
            "ignore_vulnerability_alerts_during_read": null,
            "is_template": false,
            "license_template": null,
            "merge_commit_message": "PR_TITLE",
            "merge_commit_title": "MERGE_MESSAGE",
            "name": "second-repo-using-terraform",
            "node_id": "R_kgDOKtgOUA",
            "pages": [],
            "primary_language": "",
            "private": true,
            "repo_id": 718802512,
            "security_and_analysis": [],
            "squash_merge_commit_message": "COMMIT_MESSAGES",
            "squash_merge_commit_title": "COMMIT_OR_PR_TITLE",
            "ssh_clone_url": "git@github.com:Akshay771/second-repo-using-terraform.git",
            "svn_url": "https://github.com/Akshay771/second-repo-using-terraform",
            "template": [],
            "topics": [],
            "visibility": "private",
            "vulnerability_alerts": false
          },
          "sensitive_attributes": [],
          "private": "eyJzY2hlbWFfdmVyc2lvbiI6IjEifQ=="
        }
      ]
    },
    {
      "mode": "managed",
      "type": "github_repository",
      "name": "terraform_repo",
      "provider": "provider[\"registry.terraform.io/hashicorp/github\"]",
      "instances": [
        {
          "schema_version": 1,
          "attributes": {
            "allow_auto_merge": false,
            "allow_merge_commit": true,
            "allow_rebase_merge": true,
            "allow_squash_merge": true,
            "allow_update_branch": false,
            "archive_on_destroy": null,
            "archived": false,
            "auto_init": true,
            "default_branch": "main",
            "delete_branch_on_merge": false,
            "description": "Repo for terraform created using terraform changed on github",
            "etag": "W/\"9bc1192fffd660dfb04fff1e20aff9295506e2c16350f8650710a6055cb60609\"",
            "full_name": "Akshay771/terraform",
            "git_clone_url": "git://github.com/Akshay771/terraform.git",
            "gitignore_template": null,
            "has_discussions": false,
            "has_downloads": false,
            "has_issues": false,
            "has_projects": false,
            "has_wiki": false,
            "homepage_url": "",
            "html_url": "https://github.com/Akshay771/terraform",
            "http_clone_url": "https://github.com/Akshay771/terraform.git",
            "id": "terraform",
            "ignore_vulnerability_alerts_during_read": null,
            "is_template": false,
            "license_template": null,
            "merge_commit_message": "PR_TITLE",
            "merge_commit_title": "MERGE_MESSAGE",
            "name": "terraform",
            "node_id": "R_kgDOKtfDFA",
            "pages": [],
            "primary_language": "",
            "private": true,
            "repo_id": 718783252,
            "security_and_analysis": [],
            "squash_merge_commit_message": "COMMIT_MESSAGES",
            "squash_merge_commit_title": "COMMIT_OR_PR_TITLE",
            "ssh_clone_url": "git@github.com:Akshay771/terraform.git",
            "svn_url": "https://github.com/Akshay771/terraform",
            "template": [],
            "topics": [],
            "visibility": "private",
            "vulnerability_alerts": false
          },
          "sensitive_attributes": [],
          "private": "eyJzY2hlbWFfdmVyc2lvbiI6IjEifQ=="
        }
      ]
    }
  ],
  "check_results": null
}
